# This file is autogenerated, do not edit; changes may be undone by the next 'dep ensure'.


[[projects]]
  digest = "0:"
  name = "cloud.google.com/go"
  packages = [
    "compute/metadata",
    "internal",
  ]
  pruneopts = ""
  revision = "3b1ae45394a234c385be014e9a488f2bb6eef821"

[[projects]]
  digest = "0:"
  name = "github.com/armon/go-metrics"
  packages = ["."]
  pruneopts = ""
  revision = "f0300d1749da6fa982027e449ec0c7a145510c3c"

[[projects]]
  digest = "0:"
  name = "github.com/bcsaller/jsonschema"
  packages = ["."]
  pruneopts = ""
  revision = "66506e52db051b5e238aa63ec4dad0a790fbc236"

[[projects]]
  digest = "0:"
  name = "github.com/beorn7/perks"
  packages = ["quantile"]
  pruneopts = ""
  revision = "3ac7bf7a47d159a033b107610db8a1b6575507a4"

[[projects]]
  digest = "0:"
  name = "github.com/bmizerany/pat"
  packages = ["."]
  pruneopts = ""
  revision = "c068ca2f0aacee5ac3681d68e4d0a003b7d1fd2c"

[[projects]]
  digest = "0:"
  name = "github.com/coreos/go-systemd"
  packages = [
    "dbus",
    "unit",
    "util",
  ]
  pruneopts = ""
  revision = "ec90daa870dd15120bd957a3f0ca9f01fede2b27"

[[projects]]
  digest = "0:"
  name = "github.com/coreos/pkg"
  packages = ["dlopen"]
  pruneopts = ""
  revision = "97fdf19511ea361ae1c100dd393cc47f8dcfa1e1"
  version = "v4"

[[projects]]
  digest = "0:"
  name = "github.com/davecgh/go-spew"
  packages = ["spew"]
  pruneopts = ""
  revision = "8991bc29aa16c548c550c7ff78260e27b9ab7c73"
  version = "v1.1.1"

[[projects]]
  digest = "0:"
  name = "github.com/docker/distribution"
  packages = [
    "digestset",
    "reference",
  ]
  pruneopts = ""
  revision = "f0cc927784781fa395c06317c58dea2841ece3a9"

[[projects]]
  digest = "0:"
  name = "github.com/dustin/go-humanize"
  packages = ["."]
  pruneopts = ""
  revision = "145fabdb1ab757076a70a886d092a3af27f66f4c"

[[projects]]
  digest = "0:"
  name = "github.com/ghodss/yaml"
  packages = ["."]
  pruneopts = ""
  revision = "0ca9ea5df5451ffdf184b4428c902747c2c11cd7"
  version = "v1.0.0"

[[projects]]
  digest = "0:"
  name = "github.com/gobwas/glob"
  packages = [
    "compiler",
    "match",
    "syntax",
    "syntax/ast",
    "syntax/lexer",
    "util/runes",
    "util/strings",
  ]
  pruneopts = ""
  revision = "5ccd90ef52e1e632236f7326478d4faa74f99438"
  version = "v0.2.3"

[[projects]]
  digest = "0:"
  name = "github.com/godbus/dbus"
  packages = ["."]
  pruneopts = ""
  revision = "32c6cc29c14570de4cf6d7e7737d68fb2d01ad15"

[[projects]]
  digest = "0:"
  name = "github.com/gogo/protobuf"
  packages = [
    "proto",
    "sortkeys",
  ]
  pruneopts = ""
  revision = "ba06b47c162d49f2af050fb4c75bcbc86a159d5c"
  version = "v1.2.1"

[[projects]]
  digest = "0:"
  name = "github.com/golang/glog"
  packages = ["."]
  pruneopts = ""
  revision = "44145f04b68cf362d9c4df2182967c2275eaefed"

[[projects]]
  digest = "0:"
  name = "github.com/golang/protobuf"
  packages = [
    "proto",
    "ptypes",
    "ptypes/any",
    "ptypes/duration",
    "ptypes/timestamp",
  ]
  pruneopts = ""
  revision = "b5d812f8a3706043e23a9cd5babf2e5423744d30"
  version = "v1.3.1"

[[projects]]
  digest = "0:"
  name = "github.com/google/btree"
  packages = ["."]
  pruneopts = ""
  revision = "4030bb1f1f0c35b30ca7009e9ebd06849dd45306"
  version = "v1.0.0"

[[projects]]
  digest = "0:"
  name = "github.com/google/gofuzz"
  packages = ["."]
  pruneopts = ""
  revision = "44d81051d367757e1c7c6a5a86423ece9afcf63c"

[[projects]]
  digest = "0:"
  name = "github.com/googleapis/gnostic"
  packages = [
    "OpenAPIv2",
    "compiler",
    "extensions",
  ]
  pruneopts = ""
  revision = "7c663266750e7d82587642f65e60bc4083f1f84e"
  version = "v0.2.0"

[[projects]]
  digest = "0:"
  name = "github.com/gorilla/handlers"
  packages = ["."]
  pruneopts = ""
  revision = "13d73096a474cac93275c679c7b8a2dc17ddba82"

[[projects]]
  digest = "0:"
  name = "github.com/gorilla/schema"
  packages = ["."]
  pruneopts = ""
  revision = "08023a0215e7fc27a9aecd8b8c50913c40019478"

[[projects]]
  digest = "0:"
  name = "github.com/gorilla/websocket"
  packages = ["."]
  pruneopts = ""
  revision = "5ed622c449da6d44c3c8329331ff47a9e5844f71"

[[projects]]
  branch = "master"
  digest = "0:"
  name = "github.com/gregjones/httpcache"
  packages = [
    ".",
    "diskcache",
  ]
  pruneopts = ""
  revision = "3befbb6ad0cc97d4c25d851e9528915809e1a22f"

[[projects]]
  digest = "0:"
  name = "github.com/hashicorp/go-immutable-radix"
  packages = ["."]
  pruneopts = ""
  revision = "7dd1121b595e4e1bd6dd5caa78e0f5c454740379"
  version = "v1.1.0"

[[projects]]
  digest = "0:"
  name = "github.com/hashicorp/go-msgpack"
  packages = ["codec"]
  pruneopts = ""
  revision = "ad60660ecf9c5a1eae0ca32182ed72bab5807961"
  version = "v0.5.5"

[[projects]]
  digest = "0:"
  name = "github.com/hashicorp/golang-lru"
  packages = ["simplelru"]
  pruneopts = ""
  revision = "7087cb70de9f7a8bc0a10c375cb0d2280a8edf9c"
  version = "v0.5.1"

[[projects]]
  digest = "0:"
  name = "github.com/hashicorp/raft"
  packages = ["."]
  pruneopts = ""
  revision = "834fca2f9ffc153bf038e9333425a40ba515059f"
  source = "github.com/juju/raft"

[[projects]]
  digest = "0:"
  name = "github.com/imdario/mergo"
  packages = ["."]
  pruneopts = ""
  revision = "7c29201646fa3de8506f701213473dd407f19646"
  version = "v0.3.7"

[[projects]]
  digest = "0:"
  name = "github.com/json-iterator/go"
  packages = ["."]
  pruneopts = ""
  revision = "0ff49de124c6f76f8494e194af75bde0f1a49a29"
  version = "v1.1.6"

[[projects]]
  digest = "0:"
  name = "github.com/juju/ansiterm"
  packages = [
    ".",
    "tabwriter",
  ]
  pruneopts = ""
  revision = "b99631de12cf04a906c1d4e4ec54fb86eae5863d"

[[projects]]
  digest = "0:"
  name = "github.com/juju/bundlechanges"
  packages = ["."]
  pruneopts = ""
  revision = "a15b892a41663fc698e6fb81c9e3d9e72fbe5c9c"

[[projects]]
  digest = "0:"
  name = "github.com/juju/clock"
  packages = ["."]
  pruneopts = ""
  revision = "9c5c9712527c7986f012361e7d13756b4d99543d"

[[projects]]
  digest = "0:"
  name = "github.com/juju/cmd"
  packages = ["."]
  pruneopts = ""
  revision = "a8c88215d37e4d65036822bca0522d11f888f7eb"

[[projects]]
  digest = "0:"
  name = "github.com/juju/collections"
  packages = [
    "deque",
    "set",
  ]
  pruneopts = ""
  revision = "9be91dc79b7c185fa8b08e7ceceee40562055c83"

[[projects]]
  digest = "0:"
  name = "github.com/juju/description"
  packages = ["."]
  pruneopts = ""
  revision = "2f1dd3b325dc9708836d56063783a7ac72c71c3f"

[[projects]]
  digest = "0:"
  name = "github.com/juju/errors"
  packages = ["."]
  pruneopts = ""
  revision = "22422dad46e14561a0854ad42497a75af9b61909"

[[projects]]
  digest = "0:"
  name = "github.com/juju/gnuflag"
  packages = ["."]
  pruneopts = ""
  revision = "2ce1bb71843d6d179b3f1c1c9cb4a72cd067fc65"

[[projects]]
  branch = "master"
  digest = "0:"
  name = "github.com/juju/go4"
  packages = ["lock"]
  pruneopts = ""
  revision = "40d72ab9641a2a8c36a9c46a51e28367115c8e59"

[[projects]]
  branch = "master"
  digest = "0:"
  name = "github.com/juju/gojsonpointer"
  packages = ["."]
  pruneopts = ""
  revision = "afe8b77aa08f272b49e01b82de78510c11f61500"

[[projects]]
  branch = "master"
  digest = "0:"
  name = "github.com/juju/gojsonreference"
  packages = ["."]
  pruneopts = ""
  revision = "f0d24ac5ee330baa21721cdff56d45e4ee42628e"

[[projects]]
  digest = "0:"
  name = "github.com/juju/gojsonschema"
  packages = ["."]
  pruneopts = ""
  revision = "e1ad140384f254c82f89450d9a7c8dd38a632838"

[[projects]]
  branch = "master"
  digest = "0:"
  name = "github.com/juju/httpprof"
  packages = ["."]
  pruneopts = ""
  revision = "14bf14c307672fd2456bdbf35d19cf0ccd3cf565"

[[projects]]
  digest = "0:"
  name = "github.com/juju/httprequest"
  packages = ["."]
  pruneopts = ""
  revision = "266fd1e9debf09c037a63f074d099a2da4559ece"

[[projects]]
  digest = "0:"
  name = "github.com/juju/idmclient"
  packages = ["ussologin"]
  pruneopts = ""
  revision = "fb1dc7175251ac8e2dc460897313e05175cbbc0d"

[[projects]]
  digest = "0:"
  name = "github.com/juju/jsonschema"
  packages = ["."]
  pruneopts = ""
  revision = "a0ef8b74ebcffeeff9fc374854deb4af388f037e"

[[projects]]
  branch = "develop"
  digest = "0:"
  name = "github.com/juju/juju"
  packages = [
    "agent",
    "agent/tools",
    "api",
    "api/authentication",
    "api/base",
    "api/block",
    "api/charms",
    "api/common",
    "api/common/cloudspec",
    "api/controller",
    "api/credentialvalidator",
    "api/instancepoller",
    "api/keyupdater",
    "api/migrationtarget",
    "api/modelmanager",
    "api/provisioner",
    "api/reboot",
    "api/unitassigner",
    "api/uniter",
    "api/upgrader",
    "api/usermanager",
    "api/watcher",
    "apiserver",
    "apiserver/apiserverhttp",
    "apiserver/authentication",
    "apiserver/bakeryutil",
    "apiserver/common",
    "apiserver/common/apihttp",
    "apiserver/common/cloudspec",
    "apiserver/common/credentialcommon",
    "apiserver/common/crossmodel",
    "apiserver/common/firewall",
    "apiserver/common/imagecommon",
    "apiserver/common/networkingcommon",
    "apiserver/common/storagecommon",
    "apiserver/facade",
    "apiserver/facades/agent/agent",
    "apiserver/facades/agent/caasagent",
    "apiserver/facades/agent/caasoperator",
    "apiserver/facades/agent/credentialvalidator",
    "apiserver/facades/agent/deployer",
    "apiserver/facades/agent/diskmanager",
    "apiserver/facades/agent/fanconfigurer",
    "apiserver/facades/agent/hostkeyreporter",
    "apiserver/facades/agent/instancemutater",
    "apiserver/facades/agent/keyupdater",
    "apiserver/facades/agent/leadership",
    "apiserver/facades/agent/logger",
    "apiserver/facades/agent/machine",
    "apiserver/facades/agent/machineactions",
    "apiserver/facades/agent/meterstatus",
    "apiserver/facades/agent/metricsadder",
    "apiserver/facades/agent/metricsender",
    "apiserver/facades/agent/migrationflag",
    "apiserver/facades/agent/migrationminion",
    "apiserver/facades/agent/payloadshookcontext",
    "apiserver/facades/agent/presence",
    "apiserver/facades/agent/provisioner",
    "apiserver/facades/agent/proxyupdater",
    "apiserver/facades/agent/reboot",
    "apiserver/facades/agent/resourceshookcontext",
    "apiserver/facades/agent/retrystrategy",
    "apiserver/facades/agent/storageprovisioner",
    "apiserver/facades/agent/storageprovisioner/internal/filesystemwatcher",
    "apiserver/facades/agent/unitassigner",
    "apiserver/facades/agent/uniter",
    "apiserver/facades/agent/upgrader",
    "apiserver/facades/agent/upgradeseries",
    "apiserver/facades/agent/upgradesteps",
    "apiserver/facades/client/action",
    "apiserver/facades/client/annotations",
    "apiserver/facades/client/application",
    "apiserver/facades/client/applicationoffers",
    "apiserver/facades/client/backups",
    "apiserver/facades/client/block",
    "apiserver/facades/client/bundle",
    "apiserver/facades/client/charms",
    "apiserver/facades/client/client",
    "apiserver/facades/client/cloud",
    "apiserver/facades/client/controller",
    "apiserver/facades/client/credentialmanager",
    "apiserver/facades/client/firewallrules",
    "apiserver/facades/client/highavailability",
    "apiserver/facades/client/imagemanager",
    "apiserver/facades/client/imagemetadatamanager",
    "apiserver/facades/client/keymanager",
    "apiserver/facades/client/machinemanager",
    "apiserver/facades/client/metricsdebug",
    "apiserver/facades/client/modelconfig",
    "apiserver/facades/client/modelgeneration",
    "apiserver/facades/client/modelmanager",
    "apiserver/facades/client/payloads",
    "apiserver/facades/client/resources",
    "apiserver/facades/client/spaces",
    "apiserver/facades/client/sshclient",
    "apiserver/facades/client/storage",
    "apiserver/facades/client/subnets",
    "apiserver/facades/client/usermanager",
    "apiserver/facades/controller/actionpruner",
    "apiserver/facades/controller/agenttools",
    "apiserver/facades/controller/applicationscaler",
    "apiserver/facades/controller/caasfirewaller",
    "apiserver/facades/controller/caasoperatorprovisioner",
    "apiserver/facades/controller/caasoperatorupgrader",
    "apiserver/facades/controller/caasunitprovisioner",
    "apiserver/facades/controller/charmrevisionupdater",
    "apiserver/facades/controller/cleaner",
    "apiserver/facades/controller/crosscontroller",
    "apiserver/facades/controller/crossmodelrelations",
    "apiserver/facades/controller/externalcontrollerupdater",
    "apiserver/facades/controller/firewaller",
    "apiserver/facades/controller/imagemetadata",
    "apiserver/facades/controller/instancepoller",
    "apiserver/facades/controller/lifeflag",
    "apiserver/facades/controller/logfwd",
    "apiserver/facades/controller/machineundertaker",
    "apiserver/facades/controller/metricsmanager",
    "apiserver/facades/controller/migrationmaster",
    "apiserver/facades/controller/migrationtarget",
    "apiserver/facades/controller/modelupgrader",
    "apiserver/facades/controller/remoterelations",
    "apiserver/facades/controller/resumer",
    "apiserver/facades/controller/singular",
    "apiserver/facades/controller/statushistory",
    "apiserver/facades/controller/undertaker",
    "apiserver/httpattachment",
    "apiserver/httpcontext",
    "apiserver/logsink",
    "apiserver/observer",
    "apiserver/observer/metricobserver",
    "apiserver/params",
    "apiserver/websocket",
    "caas",
    "caas/kubernetes/clientconfig",
    "caas/kubernetes/provider",
    "cert",
    "charmstore",
    "cloud",
    "cloudconfig",
    "cloudconfig/cloudinit",
    "cloudconfig/instancecfg",
    "cloudconfig/podcfg",
    "cloudconfig/sshinit",
    "cmd",
    "cmd/juju/common",
    "cmd/juju/resource",
    "cmd/modelcmd",
    "cmd/output",
    "container",
    "controller",
    "controller/authentication",
    "controller/modelmanager",
    "core/actions",
    "core/annotations",
    "core/application",
    "core/auditlog",
    "core/cache",
    "core/constraints",
    "core/crossmodel",
    "core/devices",
    "core/globalclock",
    "core/instance",
    "core/leadership",
    "core/lease",
    "core/life",
    "core/lxdprofile",
    "core/machinelock",
    "core/migration",
    "core/model",
    "core/network",
    "core/presence",
    "core/raftlease",
    "core/relation",
    "core/resources",
    "core/settings",
    "core/status",
    "core/watcher",
    "downloader",
    "environs",
    "environs/bootstrap",
    "environs/config",
    "environs/context",
    "environs/filestorage",
    "environs/gui",
    "environs/imagemetadata",
    "environs/instances",
    "environs/manual",
    "environs/manual/sshprovisioner",
    "environs/manual/winrmprovisioner",
    "environs/simplestreams",
    "environs/storage",
    "environs/sync",
    "environs/tags",
    "environs/tools",
    "environs/utils",
    "feature",
    "juju",
    "juju/keys",
    "juju/names",
    "juju/osenv",
    "juju/paths",
    "juju/sockets",
    "juju/version",
    "jujuclient",
    "logfwd",
    "logfwd/syslog",
    "migration",
    "mongo",
    "mongo/utils",
    "network",
    "network/containerizer",
    "network/debinterfaces",
    "network/iptables",
    "network/netplan",
    "payload",
    "payload/api",
    "permission",
    "provider/common",
    "pubsub/apiserver",
    "pubsub/common",
    "pubsub/controller",
    "resource",
    "resource/api",
    "resource/api/client",
    "resource/charmstore",
    "resource/resourceadapters",
    "resource/workers",
    "rpc",
    "rpc/jsoncodec",
    "rpc/rpcreflect",
    "service",
    "service/common",
    "service/snap",
    "service/systemd",
    "service/upstart",
    "service/windows",
    "state",
    "state/backups",
    "state/bakerystorage",
    "state/binarystorage",
    "state/cloudimagemetadata",
    "state/globalclock",
    "state/imagestorage",
    "state/lease",
    "state/logdb",
    "state/multiwatcher",
    "state/presence",
    "state/raftlease",
    "state/stateenvirons",
    "state/storage",
    "state/watcher",
    "storage",
    "storage/poolmanager",
    "storage/provider",
    "tools",
    "utils/proxy",
    "utils/scriptrunner",
    "version",
    "worker",
    "worker/common",
    "worker/common/charmrunner",
    "worker/lease",
    "worker/peergrouper",
    "worker/state",
    "worker/uniter/charm",
    "worker/uniter/hook",
    "worker/uniter/operation",
    "worker/uniter/runner",
    "worker/uniter/runner/context",
    "worker/uniter/runner/debug",
    "worker/uniter/runner/jujuc",
    "wrench",
  ]
  pruneopts = ""
  revision = "3e3a2b252cabbf7555dbd470d89db1c1779aa57d"

[[projects]]
  digest = "0:"
  name = "github.com/juju/loggo"
  packages = [
    ".",
    "loggocolor",
  ]
  pruneopts = ""
  revision = "6e530bcce5d8e1b51b8e5ee7f08a455cd0a8c2e5"

[[projects]]
  digest = "0:"
  name = "github.com/juju/lru"
  packages = ["."]
  pruneopts = ""
  revision = "305dec07bf2f69353bb05fa849e2a0834e220f94"

[[projects]]
  digest = "0:"
  name = "github.com/juju/mutex"
  packages = ["."]
  pruneopts = ""
  revision = "d21b13acf4bfd8a8b0482a3a78e44d98880b40d3"

[[projects]]
  digest = "0:"
  name = "github.com/juju/naturalsort"
  packages = ["."]
  pruneopts = ""
  revision = "5b81707e882b8293e6cf77854b4cd49f29776e11"

[[projects]]
  digest = "0:"
  name = "github.com/juju/os"
  packages = [
    ".",
    "series",
  ]
  pruneopts = ""
  revision = "c23cb5719c78fb34bcf0eefecf4137dd95436877"

[[projects]]
  digest = "0:"
  name = "github.com/juju/packaging"
  packages = [
    ".",
    "commands",
    "config",
    "manager",
  ]
  pruneopts = ""
  revision = "ba21344fff207f4fa06b0a08bac386b179a2e6a1"

[[projects]]
  digest = "0:"
  name = "github.com/juju/persistent-cookiejar"
  packages = ["."]
  pruneopts = ""
  revision = "d67418f14c93a698e37b52468958d5d4dcf8a7dd"

[[projects]]
  digest = "0:"
  name = "github.com/juju/proxy"
  packages = ["."]
  pruneopts = ""
  revision = "5f8741c297b47cba29f747c67f2e31e7c2a36ecb"

[[projects]]
  digest = "0:"
  name = "github.com/juju/pubsub"
  packages = ["."]
  pruneopts = ""
  revision = "c1f7536b9cc692693a90ba07381488591441b5cf"

[[projects]]
  digest = "0:"
  name = "github.com/juju/ratelimit"
  packages = ["."]
  pruneopts = ""
  revision = "5b9ff866471762aa2ab2dced63c9fb6f53921342"

[[projects]]
  digest = "0:"
  name = "github.com/juju/replicaset"
  packages = ["."]
  pruneopts = ""
  revision = "501ab59799b199dc2a129e60a771a51fef99cd51"

[[projects]]
  digest = "0:"
  name = "github.com/juju/retry"
  packages = ["."]
  pruneopts = ""
  revision = "9058e192b216b21e4741c2eeb20ac798ba1ea80a"

[[projects]]
  digest = "0:"
  name = "github.com/juju/rfc"
  packages = [
    "rfc5424",
    "rfc5424/sdelements",
  ]
  pruneopts = ""
  revision = "b058ad085c9480f110200bfe2309189aff5780b8"

[[projects]]
  digest = "0:"
  name = "github.com/juju/romulus"
  packages = [
    ".",
    "wireformat/metrics",
  ]
  pruneopts = ""
  revision = "958d8b71e5ffa51212133b12a998ddf8362739df"

[[projects]]
  digest = "0:"
  name = "github.com/juju/schema"
  packages = ["."]
  pruneopts = ""
  revision = "64a6158e90710d0a16c6bd3cf0a6be6b2e80193c"

[[projects]]
  digest = "0:"
  name = "github.com/juju/txn"
  packages = ["."]
  pruneopts = ""
  revision = "5f348e78887d8757a402c7bb81e707c3b244c6da"

[[projects]]
  digest = "0:"
  name = "github.com/juju/usso"
  packages = ["."]
  pruneopts = ""
  revision = "68a59c96c178fbbad65926e7f93db50a2cd14f33"

[[projects]]
  digest = "0:"
  name = "github.com/juju/utils"
  packages = [
    ".",
    "arch",
    "cert",
    "debugstatus",
    "deque",
    "exec",
    "featureflag",
    "filepath",
    "filestorage",
    "fs",
    "hash",
    "keyvalues",
    "parallel",
    "set",
    "shell",
    "ssh",
    "symlink",
    "tar",
    "winrm",
    "zip",
  ]
  pruneopts = ""
  revision = "bf9cc5bdd62dabc40b7f634b39a5e2dc44d44c45"

[[projects]]
  digest = "0:"
  name = "github.com/juju/version"
  packages = ["."]
  pruneopts = ""
  revision = "1f41e27e54f21acccf9b2dddae063a782a8a7ceb"

[[projects]]
  branch = "master"
  digest = "0:"
  name = "github.com/juju/webbrowser"
  packages = ["."]
  pruneopts = ""
  revision = "efb9432b2bcb671b0cf2237468e209d10e2ac373"

[[projects]]
  digest = "0:"
  name = "github.com/julienschmidt/httprouter"
  packages = ["."]
  pruneopts = ""
  revision = "348b672cd90d8190f8240323e372ecd1e66b59dc"
  version = "v1.2.0"

[[projects]]
  digest = "0:"
  name = "github.com/kr/pretty"
  packages = ["."]
  pruneopts = ""
  revision = "cfb55aafdaf3ec08f0db22699ab822c50091b1c4"

[[projects]]
  digest = "0:"
  name = "github.com/kr/text"
  packages = ["."]
  pruneopts = ""
  revision = "7cafcd837844e784b526369c9bce262804aebc60"

[[projects]]
  digest = "0:"
  name = "github.com/lestrrat/go-jspointer"
  packages = ["."]
  pruneopts = ""
  revision = "f4881e611bdbe9fb413a7780721ef8400a1f2341"

[[projects]]
  digest = "0:"
  name = "github.com/lestrrat/go-jsref"
  packages = [
    ".",
    "provider",
  ]
  pruneopts = ""
  revision = "e452c7b5801d1c6494c9e7e0cbc7498c0f88dfd1"

[[projects]]
  digest = "0:"
  name = "github.com/lestrrat/go-jsschema"
  packages = [
    ".",
    "validator",
  ]
  pruneopts = ""
  revision = "b09d7650b822d2ea3dc83d5091a5e2acd8330051"

[[projects]]
  digest = "0:"
  name = "github.com/lestrrat/go-jsval"
  packages = [
    ".",
    "builder",
  ]
  pruneopts = ""
  revision = "b1258a10419fe0693f7b35ad65cd5074bc0ba1e5"

[[projects]]
  digest = "0:"
  name = "github.com/lestrrat/go-pdebug"
  packages = ["."]
  pruneopts = ""
  revision = "2e6eaaa5717f81bda41d27070d3c966f40a1e75f"

[[projects]]
  digest = "0:"
  name = "github.com/lestrrat/go-structinfo"
  packages = ["."]
  pruneopts = ""
  revision = "f74c056fe41f860aa6264478c664a6fff8a64298"

[[projects]]
  digest = "0:"
  name = "github.com/lunixbochs/vtclean"
  packages = ["."]
  pruneopts = ""
  revision = "4fbf7632a2c6d3fbdb9931439bdbbeded02cbe36"

[[projects]]
  digest = "0:"
  name = "github.com/masterzen/azure-sdk-for-go"
  packages = [
    "core/http",
    "core/tls",
  ]
  pruneopts = ""
  revision = "ee4f0065d00cd12b542f18f5bc45799e88163b12"

[[projects]]
  branch = "master"
  digest = "0:"
  name = "github.com/masterzen/simplexml"
  packages = ["dom"]
  pruneopts = ""
  revision = "31eea30827864c9ab643aa5a0d5b2d4988ec8409"

[[projects]]
  digest = "0:"
  name = "github.com/masterzen/winrm"
  packages = [
    ".",
    "soap",
  ]
  pruneopts = ""
  revision = "7a535cd943fccaeed196718896beec3fb51aff41"

[[projects]]
  digest = "0:"
  name = "github.com/masterzen/xmlpath"
  packages = ["."]
  pruneopts = ""
  revision = "13f4951698adc0fa9c1dda3e275d489a24201161"

[[projects]]
  digest = "0:"
  name = "github.com/mattn/go-colorable"
  packages = ["."]
  pruneopts = ""
  revision = "ed8eb9e318d7a84ce5915b495b7d35e0cfe7b5a8"

[[projects]]
  digest = "0:"
  name = "github.com/mattn/go-isatty"
  packages = ["."]
  pruneopts = ""
  revision = "1311e847b0cb909da63b5fecfb5370aa66236465"
  version = "v0.0.8"

[[projects]]
  digest = "0:"
  name = "github.com/matttproud/golang_protobuf_extensions"
  packages = ["pbutil"]
  pruneopts = ""
  revision = "c12348ce28de40eed0136aa2b644d0ee0650e56c"
  version = "v1.0.1"

[[projects]]
  digest = "0:"
  name = "github.com/modern-go/concurrent"
  packages = ["."]
  pruneopts = ""
  revision = "bacd9c7ef1dd9b15be4a9909b8ac7a4e313eec94"
  version = "1.0.3"

[[projects]]
  digest = "0:"
  name = "github.com/modern-go/reflect2"
  packages = ["."]
  pruneopts = ""
  revision = "4b7aa43c6742a2c18fdef89dd197aaae7dac7ccd"
  version = "1.0.1"

[[projects]]
  branch = "master"
  digest = "0:"
  name = "github.com/nu7hatch/gouuid"
  packages = ["."]
  pruneopts = ""
  revision = "179d4d0c4d8d407a32af483c2354df1d2c91e6c3"

[[projects]]
  digest = "0:"
  name = "github.com/opencontainers/go-digest"
  packages = ["."]
  pruneopts = ""
  revision = "279bed98673dd5bef374d3b6e4b09e2af76183bf"
  version = "v1.0.0-rc1"

[[projects]]
  branch = "master"
  digest = "0:"
  name = "github.com/petar/GoLLRB"
  packages = ["llrb"]
  pruneopts = ""
  revision = "33fb24c13b99c46c93183c291836c573ac382536"

[[projects]]
  digest = "0:"
  name = "github.com/peterbourgon/diskv"
  packages = ["."]
  pruneopts = ""
  revision = "0be1b92a6df0e4f5cb0a5d15fb7f643d0ad93ce6"
  version = "v3.0.0"

[[projects]]
  digest = "0:"
  name = "github.com/pkg/errors"
  packages = ["."]
  pruneopts = ""
  revision = "839d9e913e063e28dfd0e6c7b7512793e0a48be9"

[[projects]]
  digest = "0:"
  name = "github.com/prometheus/client_golang"
  packages = [
    "prometheus",
    "prometheus/internal",
  ]
  pruneopts = ""
  revision = "32b1bb4674c4db541df5b547bb1a325337522022"

[[projects]]
  branch = "master"
  digest = "0:"
  name = "github.com/prometheus/client_model"
  packages = ["go"]
  pruneopts = ""
  revision = "fd36f4220a901265f90734c3183c5f0c91daa0b8"

[[projects]]
  digest = "0:"
  name = "github.com/prometheus/common"
  packages = [
    "expfmt",
    "internal/bitbucket.org/ww/goautoneg",
    "model",
  ]
  pruneopts = ""
  revision = "4724e9255275ce38f7179b2478abeae4e28c904f"

[[projects]]
  digest = "0:"
  name = "github.com/prometheus/procfs"
  packages = [
    ".",
    "internal/util",
    "nfs",
    "xfs",
  ]
  pruneopts = ""
  revision = "aa55a523dc0a8297edf51bb75e8eec13eb3be45d"

[[projects]]
  digest = "0:"
  name = "github.com/rogpeppe/fastuuid"
  packages = ["."]
  pruneopts = ""
  revision = "f8cc0d34a06cb01497e9d3d8aadfdcb9cb271242"
  version = "v1.1.0"

[[projects]]
  digest = "0:"
  name = "github.com/spf13/pflag"
  packages = ["."]
  pruneopts = ""
  revision = "298182f68c66c05229eb03ac171abe6e309ee79a"
  version = "v1.0.3"

[[projects]]
  digest = "0:"
  name = "golang.org/x/crypto"
  packages = [
    "acme",
    "acme/autocert",
    "cast5",
    "curve25519",
    "ed25519",
    "ed25519/internal/edwards25519",
    "internal/chacha20",
    "internal/subtle",
    "nacl/box",
    "nacl/secretbox",
    "openpgp",
    "openpgp/armor",
    "openpgp/clearsign",
    "openpgp/elgamal",
    "openpgp/errors",
    "openpgp/packet",
    "openpgp/s2k",
    "pbkdf2",
    "poly1305",
    "salsa20/salsa",
    "ssh",
    "ssh/knownhosts",
    "ssh/terminal",
  ]
  pruneopts = ""
  revision = "f027049dab0ad238e394a753dba2d14753473a04"

[[projects]]
  branch = "master"
  digest = "0:"
  name = "golang.org/x/net"
  packages = [
    "context",
    "context/ctxhttp",
    "html",
    "html/atom",
    "http/httpguts",
    "http2",
    "http2/hpack",
    "idna",
    "internal/timeseries",
    "publicsuffix",
    "trace",
  ]
  pruneopts = ""
  revision = "60506f45cf65977eb3a9c6e30f995f54a721c271"

[[projects]]
  branch = "master"
  digest = "0:"
  name = "golang.org/x/oauth2"
  packages = [
    ".",
    "google",
    "internal",
    "jws",
    "jwt",
  ]
  pruneopts = ""
  revision = "0f29369cfe4552d0e4bcddc57cc75f4d7e672a33"

[[projects]]
  digest = "0:"
  name = "golang.org/x/sys"
  packages = [
    "unix",
    "windows",
    "windows/registry",
    "windows/svc",
    "windows/svc/mgr",
  ]
  pruneopts = ""
  revision = "0cf1ed9e522b7dbb416f080a5c8003de9b702bf4"

[[projects]]
  digest = "0:"
  name = "golang.org/x/text"
  packages = [
    "encoding",
    "encoding/internal",
    "encoding/internal/identifier",
    "encoding/unicode",
    "internal/gen",
    "internal/triegen",
    "internal/ucd",
    "internal/utf8internal",
    "runes",
    "secure/bidirule",
    "transform",
    "unicode/bidi",
    "unicode/cldr",
    "unicode/norm",
    "unicode/rangetable",
  ]
  pruneopts = ""
  revision = "b19bf474d317b857955b12035d2c5acb57ce8b01"

[[projects]]
  branch = "master"
  digest = "0:"
  name = "golang.org/x/time"
  packages = ["rate"]
  pruneopts = ""
  revision = "9d24e82272b4f38b78bc8cff74fa936d31ccd8ef"

[[projects]]
  digest = "0:"
  name = "google.golang.org/appengine"
  packages = [
    ".",
    "internal",
    "internal/app_identity",
    "internal/base",
    "internal/datastore",
    "internal/log",
    "internal/modules",
    "internal/remote_api",
    "internal/urlfetch",
    "urlfetch",
  ]
  pruneopts = ""
  revision = "4c25cacc810c02874000e4f7071286a8e96b2515"
  version = "v1.6.0"

[[projects]]
  digest = "0:"
  name = "gopkg.in/errgo.v1"
  packages = ["."]
  pruneopts = ""
  revision = "442357a80af5c6bf9b6d51ae791a39c3421004f3"

[[projects]]
  digest = "0:"
  name = "gopkg.in/gobwas/glob.v0"
  packages = ["."]
  pruneopts = ""
  revision = "5ccd90ef52e1e632236f7326478d4faa74f99438"
  version = "v0.2.3"

[[projects]]
  digest = "0:"
  name = "gopkg.in/httprequest.v1"
  packages = ["."]
  pruneopts = ""
  revision = "1a21782420ea13c3c6fb1d03578f446b3248edb1"

[[projects]]
  digest = "0:"
  name = "gopkg.in/inf.v0"
  packages = ["."]
  pruneopts = ""
  revision = "d2d2541c53f18d2a059457998ce2876cc8e67cbf"
  version = "v0.9.1"

[[projects]]
  digest = "0:"
  name = "gopkg.in/juju/blobstore.v2"
  packages = ["."]
  pruneopts = ""
  revision = "51fa6e26128d74e445c72d3a91af555151cc3654"

[[projects]]
  digest = "0:"
  name = "gopkg.in/juju/charm.v6"
  packages = [
    ".",
    "hooks",
    "resource",
  ]
  pruneopts = ""
  revision = "f915791435aa68df6d2b87b7ec16dac9f695a63e"

[[projects]]
  digest = "0:"
  name = "gopkg.in/juju/charmrepo.v2"
  packages = [
    ".",
    "csclient",
    "csclient/params",
  ]
  pruneopts = ""
  revision = "653bbd81990d2d7d48e0fb931a3b0f52c694572f"

[[projects]]
  digest = "0:"
  name = "gopkg.in/juju/charmrepo.v3"
  packages = [
    ".",
    "csclient",
    "csclient/params",
  ]
  pruneopts = ""
  revision = "7778a447283bd71109671c20818544514e16e9d9"

[[projects]]
  digest = "0:"
  name = "gopkg.in/juju/environschema.v1"
  packages = [
    ".",
    "form",
  ]
  pruneopts = ""
  revision = "7359fc7857abe2b11b5b3e23811a9c64cb6b01e0"

[[projects]]
  digest = "0:"
  name = "gopkg.in/juju/names.v2"
  packages = ["."]
  pruneopts = ""
  revision = "fd59336b4621bc2a70bf96d9e2f49954115ad19b"

[[projects]]
  digest = "0:"
  name = "gopkg.in/juju/worker.v1"
  packages = [
    ".",
    "catacomb",
    "dependency",
  ]
  pruneopts = ""
  revision = "5398f2291f2c69afe604411634e0d008bdf453a0"

[[projects]]
  digest = "0:"
  name = "gopkg.in/macaroon-bakery.v1"
  packages = [
    "bakery",
    "bakery/checkers",
    "httpbakery",
  ]
  pruneopts = ""
  revision = "469b44e6f1f9479e115c8ae879ef80695be624d5"

[[projects]]
  digest = "0:"
  name = "gopkg.in/macaroon-bakery.v2-unstable"
  packages = [
    "bakery",
    "bakery/checkers",
    "bakery/mgostorage",
    "httpbakery",
  ]
  pruneopts = ""
  revision = "5a131df02b2333d5d75c501743cbc2948ee9bbf0"

[[projects]]
  digest = "0:"
  name = "gopkg.in/macaroon.v1"
  packages = ["."]
  pruneopts = ""
  revision = "ab3940c6c16510a850e1c2dd628b919f0f3f1464"

[[projects]]
  digest = "0:"
  name = "gopkg.in/macaroon.v2-unstable"
  packages = ["."]
  pruneopts = ""
  revision = "66ab28d0d56f39a383f7cf5cf3ac9a4e9ab32865"

[[projects]]
  branch = "master"
  digest = "0:"
  name = "gopkg.in/mgo.v2"
  packages = [
    ".",
    "bson",
    "internal/json",
    "internal/sasl",
    "internal/scram",
    "sstxn",
    "txn",
  ]
  pruneopts = ""
  revision = "e9d4866cb7fc522aa9ade16c668ae9fae40cba66"
  source = "github.com/juju/mgo"

[[projects]]
  digest = "0:"
  name = "gopkg.in/natefinch/lumberjack.v2"
  packages = ["."]
  pruneopts = ""
  revision = "df99d62fd42d8b3752c8a42c6723555372c02a03"

[[projects]]
  digest = "0:"
  name = "gopkg.in/natefinch/npipe.v2"
  packages = ["."]
  pruneopts = ""
  revision = "c1b8fa8bdccecb0b8db834ee0b92fdbcfa606dd6"

[[projects]]
  digest = "0:"
  name = "gopkg.in/retry.v1"
  packages = ["."]
  pruneopts = ""
  revision = "87155f248cf6ea9e38ae7613f9ea1e5bb397ac83"

[[projects]]
  branch = "v1"
  digest = "0:"
  name = "gopkg.in/tomb.v1"
  packages = ["."]
  pruneopts = ""
  revision = "dd632973f1e7218eb1089048e0798ec9ae7dceb8"

[[projects]]
  digest = "0:"
  name = "gopkg.in/tomb.v2"
  packages = ["."]
  pruneopts = ""
  revision = "14b3d72120e8d10ea6e6b7f87f7175734b1faab8"

[[projects]]
  digest = "0:"
  name = "gopkg.in/yaml.v2"
  packages = ["."]
  pruneopts = ""
  revision = "2025133c382644467541934971b571f7896de32a"
  source = "github.com/juju/yaml"

[[projects]]
  digest = "0:"
  name = "k8s.io/api"
  packages = [
    "admissionregistration/v1alpha1",
    "admissionregistration/v1beta1",
    "apps/v1",
    "apps/v1beta1",
    "apps/v1beta2",
    "authentication/v1",
    "authentication/v1beta1",
    "authorization/v1",
    "authorization/v1beta1",
    "autoscaling/v1",
    "autoscaling/v2beta1",
    "batch/v1",
    "batch/v1beta1",
    "batch/v2alpha1",
    "certificates/v1beta1",
    "coordination/v1beta1",
    "core/v1",
    "events/v1beta1",
    "extensions/v1beta1",
    "networking/v1",
    "policy/v1beta1",
    "rbac/v1",
    "rbac/v1alpha1",
    "rbac/v1beta1",
    "scheduling/v1alpha1",
    "scheduling/v1beta1",
    "settings/v1alpha1",
    "storage/v1",
    "storage/v1alpha1",
    "storage/v1beta1",
  ]
  pruneopts = ""
  revision = "183f3326a9353bd6d41430fc80f96259331d029c"

[[projects]]
  digest = "0:"
  name = "k8s.io/apiextensions-apiserver"
  packages = [
    "pkg/apis/apiextensions",
    "pkg/apis/apiextensions/v1beta1",
    "pkg/client/clientset/clientset",
    "pkg/client/clientset/clientset/scheme",
    "pkg/client/clientset/clientset/typed/apiextensions/v1beta1",
  ]
  pruneopts = ""
  revision = "4d05e43ad98c1edcf2f52291685bd9bbc12fd2cd"

[[projects]]
  digest = "0:"
  name = "k8s.io/apimachinery"
  packages = [
    "pkg/api/errors",
    "pkg/api/meta",
    "pkg/api/resource",
    "pkg/apis/meta/v1",
    "pkg/apis/meta/v1/unstructured",
    "pkg/apis/meta/v1beta1",
    "pkg/conversion",
    "pkg/conversion/queryparams",
    "pkg/fields",
    "pkg/labels",
    "pkg/runtime",
    "pkg/runtime/schema",
    "pkg/runtime/serializer",
    "pkg/runtime/serializer/json",
    "pkg/runtime/serializer/protobuf",
    "pkg/runtime/serializer/recognizer",
    "pkg/runtime/serializer/streaming",
    "pkg/runtime/serializer/versioning",
    "pkg/selection",
    "pkg/types",
    "pkg/util/clock",
    "pkg/util/errors",
    "pkg/util/framer",
    "pkg/util/intstr",
    "pkg/util/json",
    "pkg/util/naming",
    "pkg/util/net",
    "pkg/util/runtime",
    "pkg/util/sets",
    "pkg/util/validation",
    "pkg/util/validation/field",
    "pkg/util/wait",
    "pkg/util/yaml",
    "pkg/version",
    "pkg/watch",
    "third_party/forked/golang/reflect",
  ]
  pruneopts = ""
  revision = "cbafd24d5796966031ae904aa88e2436a619ae8a"

[[projects]]
  digest = "0:"
  name = "k8s.io/client-go"
  packages = [
    "discovery",
    "kubernetes",
    "kubernetes/scheme",
    "kubernetes/typed/admissionregistration/v1alpha1",
    "kubernetes/typed/admissionregistration/v1beta1",
    "kubernetes/typed/apps/v1",
    "kubernetes/typed/apps/v1beta1",
    "kubernetes/typed/apps/v1beta2",
    "kubernetes/typed/authentication/v1",
    "kubernetes/typed/authentication/v1beta1",
    "kubernetes/typed/authorization/v1",
    "kubernetes/typed/authorization/v1beta1",
    "kubernetes/typed/autoscaling/v1",
    "kubernetes/typed/autoscaling/v2beta1",
    "kubernetes/typed/batch/v1",
    "kubernetes/typed/batch/v1beta1",
    "kubernetes/typed/batch/v2alpha1",
    "kubernetes/typed/certificates/v1beta1",
    "kubernetes/typed/coordination/v1beta1",
    "kubernetes/typed/core/v1",
    "kubernetes/typed/events/v1beta1",
    "kubernetes/typed/extensions/v1beta1",
    "kubernetes/typed/networking/v1",
    "kubernetes/typed/policy/v1beta1",
    "kubernetes/typed/rbac/v1",
    "kubernetes/typed/rbac/v1alpha1",
    "kubernetes/typed/rbac/v1beta1",
    "kubernetes/typed/scheduling/v1alpha1",
    "kubernetes/typed/scheduling/v1beta1",
    "kubernetes/typed/settings/v1alpha1",
    "kubernetes/typed/storage/v1",
    "kubernetes/typed/storage/v1alpha1",
    "kubernetes/typed/storage/v1beta1",
    "pkg/apis/clientauthentication",
    "pkg/apis/clientauthentication/v1alpha1",
    "pkg/apis/clientauthentication/v1beta1",
    "pkg/version",
    "plugin/pkg/client/auth/exec",
    "plugin/pkg/client/auth/gcp",
    "rest",
    "rest/watch",
    "third_party/forked/golang/template",
    "tools/auth",
    "tools/clientcmd",
    "tools/clientcmd/api",
    "tools/clientcmd/api/latest",
    "tools/clientcmd/api/v1",
    "tools/metrics",
    "tools/reference",
    "transport",
    "util/cert",
    "util/connrotation",
    "util/flowcontrol",
    "util/homedir",
    "util/integer",
    "util/jsonpath",
  ]
  pruneopts = ""
  revision = "3db81bdd128696db1c2fcba8a426ed0a3993824d"

[solve-meta]
  analyzer-name = "dep"
  analyzer-version = 1
  input-imports = [
    "github.com/bcsaller/jsonschema",
    "github.com/juju/juju/apiserver",
    "github.com/juju/juju/rpc/rpcreflect",
  ]
  solver-name = "gps-cdcl"
  solver-version = 1
